
Microsoft Visual Studio Solution File, Format Version 12.00
# Visual Studio Version 16
VisualStudioVersion = 16.6.30114.105
MinimumVisualStudioVersion = 10.0.40219.1
Project("{FAE04EC0-301F-11D3-BF4B-00C04F79EFBC}") = "R5T.D0108.I0001.Construction", "R5T.D0108.I0001.Construction\R5T.D0108.I0001.Construction.csproj", "{44685BD4-8AA1-4DA6-B64F-9099F7AD5634}"
EndProject
Project("{FAE04EC0-301F-11D3-BF4B-00C04F79EFBC}") = "R5T.D0108.I0001", "R5T.D0108.I0001\R5T.D0108.I0001.csproj", "{8B3853E6-5352-45BD-8E57-2911D948CA98}"
EndProject
Global
	GlobalSection(SolutionConfigurationPlatforms) = preSolution
		Debug|Any CPU = Debug|Any CPU
		Debug|x64 = Debug|x64
		Debug|x86 = Debug|x86
		Release|Any CPU = Release|Any CPU
		Release|x64 = Release|x64
		Release|x86 = Release|x86
	EndGlobalSection
	GlobalSection(SolutionProperties) = preSolution
		HideSolutionNode = FALSE
	EndGlobalSection
	GlobalSection(ProjectConfigurationPlatforms) = postSolution
		{44685BD4-8AA1-4DA6-B64F-9099F7AD5634}.Debug|Any CPU.ActiveCfg = Debug|Any CPU
		{44685BD4-8AA1-4DA6-B64F-9099F7AD5634}.Debug|Any CPU.Build.0 = Debug|Any CPU
		{44685BD4-8AA1-4DA6-B64F-9099F7AD5634}.Debug|x64.ActiveCfg = Debug|Any CPU
		{44685BD4-8AA1-4DA6-B64F-9099F7AD5634}.Debug|x64.Build.0 = Debug|Any CPU
		{44685BD4-8AA1-4DA6-B64F-9099F7AD5634}.Debug|x86.ActiveCfg = Debug|Any CPU
		{44685BD4-8AA1-4DA6-B64F-9099F7AD5634}.Debug|x86.Build.0 = Debug|Any CPU
		{44685BD4-8AA1-4DA6-B64F-9099F7AD5634}.Release|Any CPU.ActiveCfg = Release|Any CPU
		{44685BD4-8AA1-4DA6-B64F-9099F7AD5634}.Release|Any CPU.Build.0 = Release|Any CPU
		{44685BD4-8AA1-4DA6-B64F-9099F7AD5634}.Release|x64.ActiveCfg = Release|Any CPU
		{44685BD4-8AA1-4DA6-B64F-9099F7AD5634}.Release|x64.Build.0 = Release|Any CPU
		{44685BD4-8AA1-4DA6-B64F-9099F7AD5634}.Release|x86.ActiveCfg = Release|Any CPU
		{44685BD4-8AA1-4DA6-B64F-9099F7AD5634}.Release|x86.Build.0 = Release|Any CPU
		{8B3853E6-5352-45BD-8E57-2911D948CA98}.Debug|Any CPU.ActiveCfg = Debug|Any CPU
		{8B3853E6-5352-45BD-8E57-2911D948CA98}.Debug|Any CPU.Build.0 = Debug|Any CPU
		{8B3853E6-5352-45BD-8E57-2911D948CA98}.Debug|x64.ActiveCfg = Debug|Any CPU
		{8B3853E6-5352-45BD-8E57-2911D948CA98}.Debug|x64.Build.0 = Debug|Any CPU
		{8B3853E6-5352-45BD-8E57-2911D948CA98}.Debug|x86.ActiveCfg = Debug|Any CPU
		{8B3853E6-5352-45BD-8E57-2911D948CA98}.Debug|x86.Build.0 = Debug|Any CPU
		{8B3853E6-5352-45BD-8E57-2911D948CA98}.Release|Any CPU.ActiveCfg = Release|Any CPU
		{8B3853E6-5352-45BD-8E57-2911D948CA98}.Release|Any CPU.Build.0 = Release|Any CPU
		{8B3853E6-5352-45BD-8E57-2911D948CA98}.Release|x64.ActiveCfg = Release|Any CPU
		{8B3853E6-5352-45BD-8E57-2911D948CA98}.Release|x64.Build.0 = Release|Any CPU
		{8B3853E6-5352-45BD-8E57-2911D948CA98}.Release|x86.ActiveCfg = Release|Any CPU
		{8B3853E6-5352-45BD-8E57-2911D948CA98}.Release|x86.Build.0 = Release|Any CPU
	EndGlobalSection
EndGlobal
